
Microsoft Visual Studio Solution File, Format Version 12.00
# Visual Studio Version 17
VisualStudioVersion = 17.5.002.0
MinimumVisualStudioVersion = 10.0.40219.1
Project("{9A19103F-16F7-4668-BE54-9A1E7A4F7556}") = "self-promo-dawson", "self-promo-dawson.csproj", "{8FE0FBA8-9EA6-4CC5-A65B-B0A0B5B60343}"
EndProject
Global
	GlobalSection(SolutionConfigurationPlatforms) = preSolution
		Debug|Any CPU = Debug|Any CPU
		Release|Any CPU = Release|Any CPU
	EndGlobalSection
	GlobalSection(ProjectConfigurationPlatforms) = postSolution
		{8FE0FBA8-9EA6-4CC5-A65B-B0A0B5B60343}.Debug|Any CPU.ActiveCfg = Debug|Any CPU
		{8FE0FBA8-9EA6-4CC5-A65B-B0A0B5B60343}.Debug|Any CPU.Build.0 = Debug|Any CPU
		{8FE0FBA8-9EA6-4CC5-A65B-B0A0B5B60343}.Release|Any CPU.ActiveCfg = Release|Any CPU
		{8FE0FBA8-9EA6-4CC5-A65B-B0A0B5B60343}.Release|Any CPU.Build.0 = Release|Any CPU
	EndGlobalSection
	GlobalSection(SolutionProperties) = preSolution
		HideSolutionNode = FALSE
	EndGlobalSection
	GlobalSection(ExtensibilityGlobals) = postSolution
		SolutionGuid = {7BAC00E9-14C7-4253-A9AB-40D298711CDE}
	EndGlobalSection
EndGlobal
